
Microsoft Visual Studio Solution File, Format Version 12.00
# Visual Studio Version 17
VisualStudioVersion = 17.3.32901.215
MinimumVisualStudioVersion = 10.0.40219.1
Project("{FAE04EC0-301F-11D3-BF4B-00C04F79EFBC}") = "OpenNIX", "OpenNIX DevKit build\OpenNIX.csproj", "{3A135634-9471-4C35-9967-918E485323F1}"
EndProject
Global
	GlobalSection(SolutionConfigurationPlatforms) = preSolution
		Debug|Any CPU = Debug|Any CPU
		Release|Any CPU = Release|Any CPU
	EndGlobalSection
	GlobalSection(ProjectConfigurationPlatforms) = postSolution
		{3A135634-9471-4C35-9967-918E485323F1}.Debug|Any CPU.ActiveCfg = Debug|Any CPU
		{3A135634-9471-4C35-9967-918E485323F1}.Debug|Any CPU.Build.0 = Debug|Any CPU
		{3A135634-9471-4C35-9967-918E485323F1}.Release|Any CPU.ActiveCfg = Release|Any CPU
		{3A135634-9471-4C35-9967-918E485323F1}.Release|Any CPU.Build.0 = Release|Any CPU
	EndGlobalSection
	GlobalSection(SolutionProperties) = preSolution
		HideSolutionNode = FALSE
	EndGlobalSection
	GlobalSection(ExtensibilityGlobals) = postSolution
		SolutionGuid = {DF461DF7-A22B-433D-99E8-B9DD8B17FD5E}
	EndGlobalSection
EndGlobal
