
Microsoft Visual Studio Solution File, Format Version 12.00
# Visual Studio Version 17
VisualStudioVersion = 17.3.32901.215
MinimumVisualStudioVersion = 10.0.40219.1
Project("{FAE04EC0-301F-11D3-BF4B-00C04F79EFBC}") = "CosmosKernel2", "CosmosKernel2\CosmosKernel2.csproj", "{B5FBC96F-197C-4656-8B6C-EAFB398FDC94}"
EndProject
Global
	GlobalSection(SolutionConfigurationPlatforms) = preSolution
		Debug|Any CPU = Debug|Any CPU
		Release|Any CPU = Release|Any CPU
	EndGlobalSection
	GlobalSection(ProjectConfigurationPlatforms) = postSolution
		{B5FBC96F-197C-4656-8B6C-EAFB398FDC94}.Debug|Any CPU.ActiveCfg = Debug|Any CPU
		{B5FBC96F-197C-4656-8B6C-EAFB398FDC94}.Debug|Any CPU.Build.0 = Debug|Any CPU
		{B5FBC96F-197C-4656-8B6C-EAFB398FDC94}.Release|Any CPU.ActiveCfg = Release|Any CPU
		{B5FBC96F-197C-4656-8B6C-EAFB398FDC94}.Release|Any CPU.Build.0 = Release|Any CPU
	EndGlobalSection
	GlobalSection(SolutionProperties) = preSolution
		HideSolutionNode = FALSE
	EndGlobalSection
	GlobalSection(ExtensibilityGlobals) = postSolution
		SolutionGuid = {008EC1F7-465B-469B-A848-05815744B2FE}
	EndGlobalSection
EndGlobal
